
Microsoft Visual Studio Solution File, Format Version 12.00
# Visual Studio Version 16
VisualStudioVersion = 16.0.31313.79
MinimumVisualStudioVersion = 10.0.40219.1
Project("{FAE04EC0-301F-11D3-BF4B-00C04F79EFBC}") = "Linq2dbTempTableIssue", "Linq2dbTempTableIssue\Linq2dbTempTableIssue.csproj", "{17CA6E6A-20FF-47EF-8E89-1CD4F3924FCE}"
EndProject
Global
	GlobalSection(SolutionConfigurationPlatforms) = preSolution
		Debug|Any CPU = Debug|Any CPU
		Release|Any CPU = Release|Any CPU
	EndGlobalSection
	GlobalSection(ProjectConfigurationPlatforms) = postSolution
		{17CA6E6A-20FF-47EF-8E89-1CD4F3924FCE}.Debug|Any CPU.ActiveCfg = Debug|Any CPU
		{17CA6E6A-20FF-47EF-8E89-1CD4F3924FCE}.Debug|Any CPU.Build.0 = Debug|Any CPU
		{17CA6E6A-20FF-47EF-8E89-1CD4F3924FCE}.Release|Any CPU.ActiveCfg = Release|Any CPU
		{17CA6E6A-20FF-47EF-8E89-1CD4F3924FCE}.Release|Any CPU.Build.0 = Release|Any CPU
	EndGlobalSection
	GlobalSection(SolutionProperties) = preSolution
		HideSolutionNode = FALSE
	EndGlobalSection
	GlobalSection(ExtensibilityGlobals) = postSolution
		SolutionGuid = {FB378D45-B2C8-4E0A-B186-2602FD37B3B3}
	EndGlobalSection
EndGlobal
